
Microsoft Visual Studio Solution File, Format Version 12.00
# Visual Studio Version 17
VisualStudioVersion = 17.3.32901.215
MinimumVisualStudioVersion = 10.0.40219.1
Project("{FAE04EC0-301F-11D3-BF4B-00C04F79EFBC}") = "pr1", "pr1\pr1.csproj", "{FB7BA112-6BBA-447B-9EEC-3F143401E76A}"
EndProject
Project("{FAE04EC0-301F-11D3-BF4B-00C04F79EFBC}") = "pr1Tests", "pr1Tests\pr1Tests.csproj", "{B507A8C8-CC3D-4318-A08B-CDF72A527D38}"
EndProject
Global
	GlobalSection(SolutionConfigurationPlatforms) = preSolution
		Debug|Any CPU = Debug|Any CPU
		Release|Any CPU = Release|Any CPU
	EndGlobalSection
	GlobalSection(ProjectConfigurationPlatforms) = postSolution
		{FB7BA112-6BBA-447B-9EEC-3F143401E76A}.Debug|Any CPU.ActiveCfg = Debug|Any CPU
		{FB7BA112-6BBA-447B-9EEC-3F143401E76A}.Debug|Any CPU.Build.0 = Debug|Any CPU
		{FB7BA112-6BBA-447B-9EEC-3F143401E76A}.Release|Any CPU.ActiveCfg = Release|Any CPU
		{FB7BA112-6BBA-447B-9EEC-3F143401E76A}.Release|Any CPU.Build.0 = Release|Any CPU
		{B507A8C8-CC3D-4318-A08B-CDF72A527D38}.Debug|Any CPU.ActiveCfg = Debug|Any CPU
		{B507A8C8-CC3D-4318-A08B-CDF72A527D38}.Debug|Any CPU.Build.0 = Debug|Any CPU
		{B507A8C8-CC3D-4318-A08B-CDF72A527D38}.Release|Any CPU.ActiveCfg = Release|Any CPU
		{B507A8C8-CC3D-4318-A08B-CDF72A527D38}.Release|Any CPU.Build.0 = Release|Any CPU
	EndGlobalSection
	GlobalSection(SolutionProperties) = preSolution
		HideSolutionNode = FALSE
	EndGlobalSection
	GlobalSection(ExtensibilityGlobals) = postSolution
		SolutionGuid = {010F0489-F223-43C2-AB27-E4C94B8295E2}
	EndGlobalSection
EndGlobal
